
Microsoft Visual Studio Solution File, Format Version 12.00
# Visual Studio 15
VisualStudioVersion = 15.0.28307.489
MinimumVisualStudioVersion = 10.0.40219.1
Project("{FAE04EC0-301F-11D3-BF4B-00C04F79EFBC}") = "DFASimulator1", "DFASimulator1\DFASimulator1.csproj", "{B051030C-2A78-4216-A691-639D83DAEBDB}"
EndProject
Global
	GlobalSection(SolutionConfigurationPlatforms) = preSolution
		Debug|Any CPU = Debug|Any CPU
		Release|Any CPU = Release|Any CPU
	EndGlobalSection
	GlobalSection(ProjectConfigurationPlatforms) = postSolution
		{B051030C-2A78-4216-A691-639D83DAEBDB}.Debug|Any CPU.ActiveCfg = Debug|Any CPU
		{B051030C-2A78-4216-A691-639D83DAEBDB}.Debug|Any CPU.Build.0 = Debug|Any CPU
		{B051030C-2A78-4216-A691-639D83DAEBDB}.Release|Any CPU.ActiveCfg = Release|Any CPU
		{B051030C-2A78-4216-A691-639D83DAEBDB}.Release|Any CPU.Build.0 = Release|Any CPU
	EndGlobalSection
	GlobalSection(SolutionProperties) = preSolution
		HideSolutionNode = FALSE
	EndGlobalSection
	GlobalSection(ExtensibilityGlobals) = postSolution
		SolutionGuid = {C8CDD8FB-85F6-4573-9E4C-706CE42F5737}
	EndGlobalSection
EndGlobal
